// !$*UTF8*$!
{
	archiveVersion = 1;
	classes = {
	};
	objectVersion = 50;
	objects = {

/* Begin PBXBuildFile section */
		71068B122391625000FC9BB6 /* Rainbow.swift in Sources */ = {isa = PBXBuildFile; fileRef = 71068B112391625000FC9BB6 /* Rainbow.swift */; };
		71068B142391639800FC9BB6 /* PlusButton.swift in Sources */ = {isa = PBXBuildFile; fileRef = 71068B132391639800FC9BB6 /* PlusButton.swift */; };
		BA39BA2F238BC27D00DE620C /* AppDelegate.swift in Sources */ = {isa = PBXBuildFile; fileRef = BA39BA2E238BC27D00DE620C /* AppDelegate.swift */; };
		BA39BA31238BC27D00DE620C /* SceneDelegate.swift in Sources */ = {isa = PBXBuildFile; fileRef = BA39BA30238BC27D00DE620C /* SceneDelegate.swift */; };
		BA39BA33238BC27D00DE620C /* ViewController.swift in Sources */ = {isa = PBXBuildFile; fileRef = BA39BA32238BC27D00DE620C /* ViewController.swift */; };
		BA39BA36238BC27D00DE620C /* Main.storyboard in Resources */ = {isa = PBXBuildFile; fileRef = BA39BA34238BC27D00DE620C /* Main.storyboard */; };
		BA39BA38238BC27F00DE620C /* Assets.xcassets in Resources */ = {isa = PBXBuildFile; fileRef = BA39BA37238BC27F00DE620C /* Assets.xcassets */; };
		BA39BA3B238BC27F00DE620C /* LaunchScreen.storyboard in Resources */ = {isa = PBXBuildFile; fileRef = BA39BA39238BC27F00DE620C /* LaunchScreen.storyboard */; };
		BAF7F2B8238CF17D00D4311C /* MainTabBar.swift in Sources */ = {isa = PBXBuildFile; fileRef = BAF7F2B7238CF17D00D4311C /* MainTabBar.swift */; };
/* End PBXBuildFile section */

/* Begin PBXFileReference section */
		71068B112391625000FC9BB6 /* Rainbow.swift */ = {isa = PBXFileReference; lastKnownFileType = sourcecode.swift; path = Rainbow.swift; sourceTree = "<group>"; };
		71068B132391639800FC9BB6 /* PlusButton.swift */ = {isa = PBXFileReference; lastKnownFileType = sourcecode.swift; path = PlusButton.swift; sourceTree = "<group>"; };
		BA39BA2B238BC27D00DE620C /* Rainbow.app */ = {isa = PBXFileReference; explicitFileType = wrapper.application; includeInIndex = 0; path = Rainbow.app; sourceTree = BUILT_PRODUCTS_DIR; };
		BA39BA2E238BC27D00DE620C /* AppDelegate.swift */ = {isa = PBXFileReference; lastKnownFileType = sourcecode.swift; path = AppDelegate.swift; sourceTree = "<group>"; };
		BA39BA30238BC27D00DE620C /* SceneDelegate.swift */ = {isa = PBXFileReference; lastKnownFileType = sourcecode.swift; path = SceneDelegate.swift; sourceTree = "<group>"; };
		BA39BA32238BC27D00DE620C /* ViewController.swift */ = {isa = PBXFileReference; lastKnownFileType = sourcecode.swift; path = ViewController.swift; sourceTree = "<group>"; };
		BA39BA35238BC27D00DE620C /* Base */ = {isa = PBXFileReference; lastKnownFileType = file.storyboard; name = Base; path = Base.lproj/Main.storyboard; sourceTree = "<group>"; };
		BA39BA37238BC27F00DE620C /* Assets.xcassets */ = {isa = PBXFileReference; lastKnownFileType = folder.assetcatalog; path = Assets.xcassets; sourceTree = "<group>"; };
		BA39BA3A238BC27F00DE620C /* Base */ = {isa = PBXFileReference; lastKnownFileType = file.storyboard; name = Base; path = Base.lproj/LaunchScreen.storyboard; sourceTree = "<group>"; };
		BA39BA3C238BC27F00DE620C /* Info.plist */ = {isa = PBXFileReference; lastKnownFileType = text.plist.xml; path = Info.plist; sourceTree = "<group>"; };
		BAF7F2B7238CF17D00D4311C /* MainTabBar.swift */ = {isa = PBXFileReference; lastKnownFileType = sourcecode.swift; path = MainTabBar.swift; sourceTree = "<group>"; };
/* End PBXFileReference section */

/* Begin PBXFrameworksBuildPhase section */
		BA39BA28238BC27D00DE620C /* Frameworks */ = {
			isa = PBXFrameworksBuildPhase;
			buildActionMask = 2147483647;
			files = (
			);
			runOnlyForDeploymentPostprocessing = 0;
		};
/* End PBXFrameworksBuildPhase section */

/* Begin PBXGroup section */
		BA39BA22238BC27D00DE620C = {
			isa = PBXGroup;
			children = (
				BA39BA2D238BC27D00DE620C /* Rainbow */,
				BA39BA2C238BC27D00DE620C /* Products */,
			);
			sourceTree = "<group>";
		};
		BA39BA2C238BC27D00DE620C /* Products */ = {
			isa = PBXGroup;
			children = (
				BA39BA2B238BC27D00DE620C /* Rainbow.app */,
			);
			name = Products;
			sourceTree = "<group>";
		};
		BA39BA2D238BC27D00DE620C /* Rainbow */ = {
			isa = PBXGroup;
			children = (
				BA39BA2E238BC27D00DE620C /* AppDelegate.swift */,
				BA39BA30238BC27D00DE620C /* SceneDelegate.swift */,
				BA39BA32238BC27D00DE620C /* ViewController.swift */,
				71068B112391625000FC9BB6 /* Rainbow.swift */,
				BAF7F2B7238CF17D00D4311C /* MainTabBar.swift */,
				71068B132391639800FC9BB6 /* PlusButton.swift */,
				BA39BA34238BC27D00DE620C /* Main.storyboard */,
				BA39BA37238BC27F00DE620C /* Assets.xcassets */,
				BA39BA39238BC27F00DE620C /* LaunchScreen.storyboard */,
				BA39BA3C238BC27F00DE620C /* Info.plist */,
			);
			path = Rainbow;
			sourceTree = "<group>";
		};
/* End PBXGroup section */

/* Begin PBXNativeTarget section */
		BA39BA2A238BC27D00DE620C /* Rainbow */ = {
			isa = PBXNativeTarget;
			buildConfigurationList = BA39BA3F238BC27F00DE620C /* Build configuration list for PBXNativeTarget "Rainbow" */;
			buildPhases = (
				BA39BA27238BC27D00DE620C /* Sources */,
				BA39BA28238BC27D00DE620C /* Frameworks */,
				BA39BA29238BC27D00DE620C /* Resources */,
			);
			buildRules = (
			);
			dependencies = (
			);
			name = Rainbow;
			productName = Rainbow;
			productReference = BA39BA2B238BC27D00DE620C /* Rainbow.app */;
			productType = "com.apple.product-type.application";
		};
/* End PBXNativeTarget section */

/* Begin PBXProject section */
		BA39BA23238BC27D00DE620C /* Project object */ = {
			isa = PBXProject;
			attributes = {
				LastSwiftUpdateCheck = 1120;
				LastUpgradeCheck = 1120;
				ORGANIZATIONNAME = ulike;
				TargetAttributes = {
					BA39BA2A238BC27D00DE620C = {
						CreatedOnToolsVersion = 11.2.1;
					};
				};
			};
			buildConfigurationList = BA39BA26238BC27D00DE620C /* Build configuration list for PBXProject "Rainbow" */;
			compatibilityVersion = "Xcode 9.3";
			developmentRegion = en;
			hasScannedForEncodings = 0;
			knownRegions = (
				en,
				Base,
			);
			mainGroup = BA39BA22238BC27D00DE620C;
			productRefGroup = BA39BA2C238BC27D00DE620C /* Products */;
			projectDirPath = "";
			projectRoot = "";
			targets = (
				BA39BA2A238BC27D00DE620C /* Rainbow */,
			);
		};
/* End PBXProject section */

/* Begin PBXResourcesBuildPhase section */
		BA39BA29238BC27D00DE620C /* Resources */ = {
			isa = PBXResourcesBuildPhase;
			buildActionMask = 2147483647;
			files = (
				BA39BA3B238BC27F00DE620C /* LaunchScreen.storyboard in Resources */,
				BA39BA38238BC27F00DE620C /* Assets.xcassets in Resources */,
				BA39BA36238BC27D00DE620C /* Main.storyboard in Resources */,
			);
			runOnlyForDeploymentPostprocessing = 0;
		};
/* End PBXResourcesBuildPhase section */

/* Begin PBXSourcesBuildPhase section */
		BA39BA27238BC27D00DE620C /* Sources */ = {
			isa = PBXSourcesBuildPhase;
			buildActionMask = 2147483647;
			files = (
				BAF7F2B8238CF17D00D4311C /* MainTabBar.swift in Sources */,
				BA39BA33238BC27D00DE620C /* ViewController.swift in Sources */,
				BA39BA2F238BC27D00DE620C /* AppDelegate.swift in Sources */,
				71068B122391625000FC9BB6 /* Rainbow.swift in Sources */,
				BA39BA31238BC27D00DE620C /* SceneDelegate.swift in Sources */,
				71068B142391639800FC9BB6 /* PlusButton.swift in Sources */,
			);
			runOnlyForDeploymentPostprocessing = 0;
		};
/* End PBXSourcesBuildPhase section */

/* Begin PBXVariantGroup section */
		BA39BA34238BC27D00DE620C /* Main.storyboard */ = {
			isa = PBXVariantGroup;
			children = (
				BA39BA35238BC27D00DE620C /* Base */,
			);
			name = Main.storyboard;
			sourceTree = "<group>";
		};
		BA39BA39238BC27F00DE620C /* LaunchScreen.storyboard */ = {
			isa = PBXVariantGroup;
			children = (
				BA39BA3A238BC27F00DE620C /* Base */,
			);
			name = LaunchScreen.storyboard;
			sourceTree = "<group>";
		};
/* End PBXVariantGroup section */

/* Begin XCBuildConfiguration section */
		BA39BA3D238BC27F00DE620C /* Debug */ = {
			isa = XCBuildConfiguration;
			buildSettings = {
				ALWAYS_SEARCH_USER_PATHS = NO;
				CLANG_ANALYZER_NONNULL = YES;
				CLANG_ANALYZER_NUMBER_OBJECT_CONVERSION = YES_AGGRESSIVE;
				CLANG_CXX_LANGUAGE_STANDARD = "gnu++14";
				CLANG_CXX_LIBRARY = "libc++";
				CLANG_ENABLE_MODULES = YES;
				CLANG_ENABLE_OBJC_ARC = YES;
				CLANG_ENABLE_OBJC_WEAK = YES;
				CLANG_WARN_BLOCK_CAPTURE_AUTORELEASING = YES;
				CLANG_WARN_BOOL_CONVERSION = YES;
				CLANG_WARN_COMMA = YES;
				CLANG_WARN_CONSTANT_CONVERSION = YES;
				CLANG_WARN_DEPRECATED_OBJC_IMPLEMENTATIONS = YES;
				CLANG_WARN_DIRECT_OBJC_ISA_USAGE = YES_ERROR;
				CLANG_WARN_DOCUMENTATION_COMMENTS = YES;
				CLANG_WARN_EMPTY_BODY = YES;
				CLANG_WARN_ENUM_CONVERSION = YES;
				CLANG_WARN_INFINITE_RECURSION = YES;
				CLANG_WARN_INT_CONVERSION = YES;
				CLANG_WARN_NON_LITERAL_NULL_CONVERSION = YES;
				CLANG_WARN_OBJC_IMPLICIT_RETAIN_SELF = YES;
				CLANG_WARN_OBJC_LITERAL_CONVERSION = YES;
				CLANG_WARN_OBJC_ROOT_CLASS = YES_ERROR;
				CLANG_WARN_RANGE_LOOP_ANALYSIS = YES;
				CLANG_WARN_STRICT_PROTOTYPES = YES;
				CLANG_WARN_SUSPICIOUS_MOVE = YES;
				CLANG_WARN_UNGUARDED_AVAILABILITY = YES_AGGRESSIVE;
				CLANG_WARN_UNREACHABLE_CODE = YES;
				CLANG_WARN__DUPLICATE_METHOD_MATCH = YES;
				COPY_PHASE_STRIP = NO;
				DEBUG_INFORMATION_FORMAT = dwarf;
				ENABLE_STRICT_OBJC_MSGSEND = YES;
				ENABLE_TESTABILITY = YES;
				GCC_C_LANGUAGE_STANDARD = gnu11;
				GCC_DYNAMIC_NO_PIC = NO;
				GCC_NO_COMMON_BLOCKS = YES;
				GCC_OPTIMIZATION_LEVEL = 0;
				GCC_PREPROCESSOR_DEFINITIONS = (
					"DEBUG=1",
					"$(inherited)",
				);
				GCC_WARN_64_TO_32_BIT_CONVERSION = YES;
				GCC_WARN_ABOUT_RETURN_TYPE = YES_ERROR;
				GCC_WARN_UNDECLARED_SELECTOR = YES;
				GCC_WARN_UNINITIALIZED_AUTOS = YES_AGGRESSIVE;
				GCC_WARN_UNUSED_FUNCTION = YES;
				GCC_WARN_UNUSED_VARIABLE = YES;
				IPHONEOS_DEPLOYMENT_TARGET = 13.0;
				MTL_ENABLE_DEBUG_INFO = INCLUDE_SOURCE;
				MTL_FAST_MATH = YES;
				ONLY_ACTIVE_ARCH = YES;
				SDKROOT = iphoneos;
				SWIFT_ACTIVE_COMPILATION_CONDITIONS = DEBUG;
				SWIFT_OPTIMIZATION_LEVEL = "-Onone";
			};
			name = Debug;
		};
		BA39BA3E238BC27F00DE620C /* Release */ = {
			isa = XCBuildConfiguration;
			buildSettings = {
				ALWAYS_SEARCH_USER_PATHS = NO;
				CLANG_ANALYZER_NONNULL = YES;
				CLANG_ANALYZER_NUMBER_OBJECT_CONVERSION = YES_AGGRESSIVE;
				CLANG_CXX_LANGUAGE_STANDARD = "gnu++14";
				CLANG_CXX_LIBRARY = "libc++";
				CLANG_ENABLE_MODULES = YES;
				CLANG_ENABLE_OBJC_ARC = YES;
				CLANG_ENABLE_OBJC_WEAK = YES;
				CLANG_WARN_BLOCK_CAPTURE_AUTORELEASING = YES;
				CLANG_WARN_BOOL_CONVERSION = YES;
				CLANG_WARN_COMMA = YES;
				CLANG_WARN_CONSTANT_CONVERSION = YES;
				CLANG_WARN_DEPRECATED_OBJC_IMPLEMENTATIONS = YES;
				CLANG_WARN_DIRECT_OBJC_ISA_USAGE = YES_ERROR;
				CLANG_WARN_DOCUMENTATION_COMMENTS = YES;
				CLANG_WARN_EMPTY_BODY = YES;
				CLANG_WARN_ENUM_CONVERSION = YES;
				CLANG_WARN_INFINITE_RECURSION = YES;
				CLANG_WARN_INT_CONVERSION = YES;
				CLANG_WARN_NON_LITERAL_NULL_CONVERSION = YES;
				CLANG_WARN_OBJC_IMPLICIT_RETAIN_SELF = YES;
				CLANG_WARN_OBJC_LITERAL_CONVERSION = YES;
				CLANG_WARN_OBJC_ROOT_CLASS = YES_ERROR;
				CLANG_WARN_RANGE_LOOP_ANALYSIS = YES;
				CLANG_WARN_STRICT_PROTOTYPES = YES;
				CLANG_WARN_SUSPICIOUS_MOVE = YES;
				CLANG_WARN_UNGUARDED_AVAILABILITY = YES_AGGRESSIVE;
				CLANG_WARN_UNREACHABLE_CODE = YES;
				CLANG_WARN__DUPLICATE_METHOD_MATCH = YES;
				COPY_PHASE_STRIP = NO;
				DEBUG_INFORMATION_FORMAT = "dwarf-with-dsym";
				ENABLE_NS_ASSERTIONS = NO;
				ENABLE_STRICT_OBJC_MSGSEND = YES;
				GCC_C_LANGUAGE_STANDARD = gnu11;
				GCC_NO_COMMON_BLOCKS = YES;
				GCC_WARN_64_TO_32_BIT_CONVERSION = YES;
				GCC_WARN_ABOUT_RETURN_TYPE = YES_ERROR;
				GCC_WARN_UNDECLARED_SELECTOR = YES;
				GCC_WARN_UNINITIALIZED_AUTOS = YES_AGGRESSIVE;
				GCC_WARN_UNUSED_FUNCTION = YES;
				GCC_WARN_UNUSED_VARIABLE = YES;
				IPHONEOS_DEPLOYMENT_TARGET = 13.0;
				MTL_ENABLE_DEBUG_INFO = NO;
				MTL_FAST_MATH = YES;
				SDKROOT = iphoneos;
				SWIFT_COMPILATION_MODE = wholemodule;
				SWIFT_OPTIMIZATION_LEVEL = "-O";
				VALIDATE_PRODUCT = YES;
			};
			name = Release;
		};
		BA39BA40238BC27F00DE620C /* Debug */ = {
			isa = XCBuildConfiguration;
			buildSettings = {
				ASSETCATALOG_COMPILER_APPICON_NAME = AppIcon;
				CODE_SIGN_STYLE = Automatic;
				DEVELOPMENT_TEAM = H899557VXN;
				INFOPLIST_FILE = Rainbow/Info.plist;
				IPHONEOS_DEPLOYMENT_TARGET = 13.0;
				LD_RUNPATH_SEARCH_PATHS = (
					"$(inherited)",
					"@executable_path/Frameworks",
				);
				PRODUCT_BUNDLE_IDENTIFIER = com.dev.Rainbow;
				PRODUCT_NAME = "$(TARGET_NAME)";
				SWIFT_VERSION = 5.0;
				TARGETED_DEVICE_FAMILY = "1,2";
			};
			name = Debug;
		};
		BA39BA41238BC27F00DE620C /* Release */ = {
			isa = XCBuildConfiguration;
			buildSettings = {
				ASSETCATALOG_COMPILER_APPICON_NAME = AppIcon;
				CODE_SIGN_STYLE = Automatic;
				DEVELOPMENT_TEAM = H899557VXN;
				INFOPLIST_FILE = Rainbow/Info.plist;
				IPHONEOS_DEPLOYMENT_TARGET = 13.0;
				LD_RUNPATH_SEARCH_PATHS = (
					"$(inherited)",
					"@executable_path/Frameworks",
				);
				PRODUCT_BUNDLE_IDENTIFIER = com.dev.Rainbow;
				PRODUCT_NAME = "$(TARGET_NAME)";
				SWIFT_VERSION = 5.0;
				TARGETED_DEVICE_FAMILY = "1,2";
			};
			name = Release;
		};
/* End XCBuildConfiguration section */

/* Begin XCConfigurationList section */
		BA39BA26238BC27D00DE620C /* Build configuration list for PBXProject "Rainbow" */ = {
			isa = XCConfigurationList;
			buildConfigurations = (
				BA39BA3D238BC27F00DE620C /* Debug */,
				BA39BA3E238BC27F00DE620C /* Release */,
			);
			defaultConfigurationIsVisible = 0;
			defaultConfigurationName = Release;
		};
		BA39BA3F238BC27F00DE620C /* Build configuration list for PBXNativeTarget "Rainbow" */ = {
			isa = XCConfigurationList;
			buildConfigurations = (
				BA39BA40238BC27F00DE620C /* Debug */,
				BA39BA41238BC27F00DE620C /* Release */,
			);
			defaultConfigurationIsVisible = 0;
			defaultConfigurationName = Release;
		};
/* End XCConfigurationList section */
	};
	rootObject = BA39BA23238BC27D00DE620C /* Project object */;
}
